
Microsoft Visual Studio Solution File, Format Version 11.00
# Visual Studio 2010
Project("{8BC9CEB8-8B4A-11D0-8D11-00A0C91BC942}") = "面试", "面试\面试.vcxproj", "{77E48D8E-F279-4CC6-8D2D-2035DC1EAC07}"
EndProject
Global
	GlobalSection(SolutionConfigurationPlatforms) = preSolution
		Debug|Win32 = Debug|Win32
		Release|Win32 = Release|Win32
	EndGlobalSection
	GlobalSection(ProjectConfigurationPlatforms) = postSolution
		{77E48D8E-F279-4CC6-8D2D-2035DC1EAC07}.Debug|Win32.ActiveCfg = Debug|Win32
		{77E48D8E-F279-4CC6-8D2D-2035DC1EAC07}.Debug|Win32.Build.0 = Debug|Win32
		{77E48D8E-F279-4CC6-8D2D-2035DC1EAC07}.Release|Win32.ActiveCfg = Release|Win32
		{77E48D8E-F279-4CC6-8D2D-2035DC1EAC07}.Release|Win32.Build.0 = Release|Win32
	EndGlobalSection
	GlobalSection(SolutionProperties) = preSolution
		HideSolutionNode = FALSE
	EndGlobalSection
EndGlobal
